
Microsoft Visual Studio Solution File, Format Version 12.00
# Visual Studio Version 16
VisualStudioVersion = 16.0.29920.165
MinimumVisualStudioVersion = 10.0.40219.1
Project("{FAE04EC0-301F-11D3-BF4B-00C04F79EFBC}") = "WebApplication_AlquilerEquipos", "WebApplication_AlquilerEquipos\WebApplication_AlquilerEquipos.csproj", "{95716C40-F149-443E-9443-0C6C5CAD41C1}"
EndProject
Project("{FAE04EC0-301F-11D3-BF4B-00C04F79EFBC}") = "WebApplication_AlquilerEquipos.Tests", "WebApplication_AlquilerEquipos.Tests\WebApplication_AlquilerEquipos.Tests.csproj", "{CD2CE1B6-4BC9-474A-B82C-860362AB8BFE}"
EndProject
Global
	GlobalSection(SolutionConfigurationPlatforms) = preSolution
		Debug|Any CPU = Debug|Any CPU
		Release|Any CPU = Release|Any CPU
	EndGlobalSection
	GlobalSection(ProjectConfigurationPlatforms) = postSolution
		{95716C40-F149-443E-9443-0C6C5CAD41C1}.Debug|Any CPU.ActiveCfg = Debug|Any CPU
		{95716C40-F149-443E-9443-0C6C5CAD41C1}.Debug|Any CPU.Build.0 = Debug|Any CPU
		{95716C40-F149-443E-9443-0C6C5CAD41C1}.Release|Any CPU.ActiveCfg = Release|Any CPU
		{95716C40-F149-443E-9443-0C6C5CAD41C1}.Release|Any CPU.Build.0 = Release|Any CPU
		{CD2CE1B6-4BC9-474A-B82C-860362AB8BFE}.Debug|Any CPU.ActiveCfg = Debug|Any CPU
		{CD2CE1B6-4BC9-474A-B82C-860362AB8BFE}.Debug|Any CPU.Build.0 = Debug|Any CPU
		{CD2CE1B6-4BC9-474A-B82C-860362AB8BFE}.Release|Any CPU.ActiveCfg = Release|Any CPU
		{CD2CE1B6-4BC9-474A-B82C-860362AB8BFE}.Release|Any CPU.Build.0 = Release|Any CPU
	EndGlobalSection
	GlobalSection(SolutionProperties) = preSolution
		HideSolutionNode = FALSE
	EndGlobalSection
	GlobalSection(ExtensibilityGlobals) = postSolution
		SolutionGuid = {EDE40821-5462-4370-B179-34B9D8972EE1}
	EndGlobalSection
EndGlobal
